# THIS IS AN AUTOGENERATED FILE. DO NOT EDIT THIS FILE DIRECTLY.
# yarn lockfile v1


argparse@^1.0.7:
  version "1.0.10"
  resolved "https://registry.yarnpkg.com/argparse/-/argparse-1.0.10.tgz#bcd6791ea5ae09725e17e5ad988134cd40b3d911"
  integrity sha512-o5Roy6tNG4SL/FOkCAN6RzjiakZS25RLYFrcMttJqbdd8BWrnA+fGz57iN5Pb06pvBGvl5gQ0B48dJlslXvoTg==
  dependencies:
    sprintf-js "~1.0.2"

astronomia@^2.0.0:
  version "2.0.1"
  resolved "https://registry.yarnpkg.com/astronomia/-/astronomia-2.0.1.tgz#11187803dae91cd5464afb1fa7ba532752e38d17"
  integrity sha512-BJK2jVBDHRyTKoqG98L1IGavFvrW3i2I1V+eZlHVzTD3BWam3menQiIGEWXDOG5jUztEhjLObqgspZdApcwOQA==

caldate@^1.0.2:
  version "1.0.2"
  resolved "https://registry.yarnpkg.com/caldate/-/caldate-1.0.2.tgz#08849473606be9fdf7a5d814692c488fb1df6358"
  integrity sha512-vYtcQklv7HU8bZ92EwW41Q9Wp1KvWpLO9xRoT4e357ZSXx2x0udmGvJqsmdLxD6bVFJm2JeT7hsWz9jaVEzwRA==
  dependencies:
    moment-timezone "^0.5.14"

date-chinese@^1.0.5:
  version "1.0.5"
  resolved "https://registry.yarnpkg.com/date-chinese/-/date-chinese-1.0.5.tgz#3cb98dae85aed9b8b795e65241077f9c8e4186b7"
  integrity sha512-yAZmgcYkqShcS/7gSpXYox385QSTPPIIPzSmXqX25phZLVWgROmWcI7i8E9E+kBxtfDocV30Qn8C7j4U5Z1brA==
  dependencies:
    astronomia "^2.0.0"

date-easter@^0.2.2:
  version "0.2.3"
  resolved "https://registry.yarnpkg.com/date-easter/-/date-easter-0.2.3.tgz#82f70bacccf7ba43f48722447c7c34df18e5037c"
  integrity sha512-p9ZVCgEyFM9pdFyGtRmMOaxyzGemP/ceGfi7Q0Z902inlaLMESHVK551aHKntgLCC+aXCN0xJHNJZyg599NtzQ==

date-holidays-parser@^1.2.2:
  version "1.2.2"
  resolved "https://registry.yarnpkg.com/date-holidays-parser/-/date-holidays-parser-1.2.2.tgz#67001572b652e437cf8a034d8e20d852c16ee696"
  integrity sha512-S3M4eWsfyGgu5iFsugK/vRILyUFE172CXv0hrIRVC0nHm3MopLgx1IapoHoQhS1pDEY0hrWeC31D4MeSfcSv3A==
  dependencies:
    astronomia "^2.0.0"
    caldate "^1.0.2"
    date-chinese "^1.0.5"
    date-easter "^0.2.2"
    lodash.get "^4.4.2"
    lodash.merge "^4.6.1"
    lodash.omit "^4.5.0"
    lodash.set "^4.3.2"
    moment-timezone "^0.5.14"

date-holidays@~1:
  version "1.2.10"
  resolved "https://registry.yarnpkg.com/date-holidays/-/date-holidays-1.2.10.tgz#bb0898458e7a606390a77991357d4b9c8faa9b7c"
  integrity sha512-9+yWwj2vH3Djr2WYUV2Pmhd1ZHchyuiaUpPJYm+u0KO96OrzIb09MvXiYLl6OXIhl0wZogQtqgHowqpXcanOXw==
  dependencies:
    date-holidays-parser "^1.2.2"
    js-yaml "^3.12.0"
    lodash.omit "^4.5.0"
    lodash.pick "^4.4.0"
    prepin "^1.0.1"

esprima@^4.0.0:
  version "4.0.1"
  resolved "https://registry.yarnpkg.com/esprima/-/esprima-4.0.1.tgz#13b04cdb3e6c5d19df91ab6987a8695619b0aa71"
  integrity sha512-eGuFFw7Upda+g4p+QHvnW0RyTX/SVeJBDM/gCtMARO0cLuT2HcEKnTPvhjV6aGeqrCB/sbNop0Kszm0jsaWU4A==

js-yaml@^3.12.0:
  version "3.12.0"
  resolved "https://registry.yarnpkg.com/js-yaml/-/js-yaml-3.12.0.tgz#eaed656ec8344f10f527c6bfa1b6e2244de167d1"
  integrity sha512-PIt2cnwmPfL4hKNwqeiuz4bKfnzHTBv6HyVgjahA6mPLwPDzjDWrplJBMjHUFxku/N3FlmrbyPclad+I+4mJ3A==
  dependencies:
    argparse "^1.0.7"
    esprima "^4.0.0"

lodash.get@^4.4.2:
  version "4.4.2"
  resolved "https://registry.yarnpkg.com/lodash.get/-/lodash.get-4.4.2.tgz#2d177f652fa31e939b4438d5341499dfa3825e99"
  integrity sha1-LRd/ZS+jHpObRDjVNBSZ36OCXpk=

lodash.merge@^4.6.1:
  version "4.6.1"
  resolved "https://registry.yarnpkg.com/lodash.merge/-/lodash.merge-4.6.1.tgz#adc25d9cb99b9391c59624f379fbba60d7111d54"
  integrity sha512-AOYza4+Hf5z1/0Hztxpm2/xiPZgi/cjMqdnKTUWTBSKchJlxXXuUSxCCl8rJlf4g6yww/j6mA8nC8Hw/EZWxKQ==

lodash.omit@^4.5.0:
  version "4.5.0"
  resolved "https://registry.yarnpkg.com/lodash.omit/-/lodash.omit-4.5.0.tgz#6eb19ae5a1ee1dd9df0b969e66ce0b7fa30b5e60"
  integrity sha1-brGa5aHuHdnfC5aeZs4Lf6MLXmA=

lodash.pick@^4.4.0:
  version "4.4.0"
  resolved "https://registry.yarnpkg.com/lodash.pick/-/lodash.pick-4.4.0.tgz#52f05610fff9ded422611441ed1fc123a03001b3"
  integrity sha1-UvBWEP/53tQiYRRB7R/BI6AwAbM=

lodash.set@^4.3.2:
  version "4.3.2"
  resolved "https://registry.yarnpkg.com/lodash.set/-/lodash.set-4.3.2.tgz#d8757b1da807dde24816b0d6a84bea1a76230b23"
  integrity sha1-2HV7HagH3eJIFrDWqEvqGnYjCyM=

moment-timezone@^0.5.14:
  version "0.5.23"
  resolved "https://registry.yarnpkg.com/moment-timezone/-/moment-timezone-0.5.23.tgz#7cbb00db2c14c71b19303cb47b0fb0a6d8651463"
  integrity sha512-WHFH85DkCfiNMDX5D3X7hpNH3/PUhjTGcD0U1SgfBGZxJ3qUmJh5FdvaFjcClxOvB3rzdfj4oRffbI38jEnC1w==
  dependencies:
    moment ">= 2.9.0"

"moment@>= 2.9.0":
  version "2.23.0"
  resolved "https://registry.yarnpkg.com/moment/-/moment-2.23.0.tgz#759ea491ac97d54bac5ad776996e2a58cc1bc225"
  integrity sha512-3IE39bHVqFbWWaPOMHZF98Q9c3LDKGTmypMiTM2QygGXXElkFWIH7GxfmlwmY2vwa+wmNsoYZmG2iusf1ZjJoA==

prepin@^1.0.1:
  version "1.0.1"
  resolved "https://registry.yarnpkg.com/prepin/-/prepin-1.0.1.tgz#cd41e027fd5b4cc28ce591639bb7b14d2f4f0618"
  integrity sha1-zUHgJ/1bTMKM5ZFjm7exTS9PBhg=

sprintf-js@~1.0.2:
  version "1.0.3"
  resolved "https://registry.yarnpkg.com/sprintf-js/-/sprintf-js-1.0.3.tgz#04e6926f662895354f3dd015203633b857297e2c"
  integrity sha1-BOaSb2YolTVPPdAVIDYzuFcpfiw=
